
Microsoft Visual Studio Solution File, Format Version 12.00
# Visual Studio Version 16
VisualStudioVersion = 16.0.29613.14
MinimumVisualStudioVersion = 10.0.40219.1
Project("{9A19103F-16F7-4668-BE54-9A1E7A4F7556}") = "T3RMSWS", "T3RMSWS\T3RMSWS.csproj", "{7EFD664B-FCD5-4E92-AF75-B68D8B1B76D0}"
EndProject
Project("{2150E333-8FDC-42A3-9474-1A3956D46DE8}") = "Database", "Database", "{7D6E2560-55D3-432B-B69A-FCDC49B0934B}"
	ProjectSection(SolutionItems) = preProject
		t3_reservation_20200312.sql = t3_reservation_20200312.sql
	EndProjectSection
EndProject
Project("{FAE04EC0-301F-11D3-BF4B-00C04F79EFBC}") = "NUnitTest", "NUnitTest\NUnitTest.csproj", "{7081F2FA-1617-4D69-BCEE-F6B49B3C971C}"
EndProject
Global
	GlobalSection(SolutionConfigurationPlatforms) = preSolution
		Debug|Any CPU = Debug|Any CPU
		Release|Any CPU = Release|Any CPU
	EndGlobalSection
	GlobalSection(ProjectConfigurationPlatforms) = postSolution
		{7EFD664B-FCD5-4E92-AF75-B68D8B1B76D0}.Debug|Any CPU.ActiveCfg = Debug|Any CPU
		{7EFD664B-FCD5-4E92-AF75-B68D8B1B76D0}.Debug|Any CPU.Build.0 = Debug|Any CPU
		{7EFD664B-FCD5-4E92-AF75-B68D8B1B76D0}.Release|Any CPU.ActiveCfg = Release|Any CPU
		{7EFD664B-FCD5-4E92-AF75-B68D8B1B76D0}.Release|Any CPU.Build.0 = Release|Any CPU
		{7081F2FA-1617-4D69-BCEE-F6B49B3C971C}.Debug|Any CPU.ActiveCfg = Debug|Any CPU
		{7081F2FA-1617-4D69-BCEE-F6B49B3C971C}.Debug|Any CPU.Build.0 = Debug|Any CPU
		{7081F2FA-1617-4D69-BCEE-F6B49B3C971C}.Release|Any CPU.ActiveCfg = Release|Any CPU
		{7081F2FA-1617-4D69-BCEE-F6B49B3C971C}.Release|Any CPU.Build.0 = Release|Any CPU
	EndGlobalSection
	GlobalSection(SolutionProperties) = preSolution
		HideSolutionNode = FALSE
	EndGlobalSection
	GlobalSection(ExtensibilityGlobals) = postSolution
		SolutionGuid = {73903FA4-1C0F-4D2A-BDC5-B9DBCF944150}
	EndGlobalSection
EndGlobal
